
Microsoft Visual Studio Solution File, Format Version 12.00
Project("{2150E333-8FDC-42A3-9474-1A3956D46DE8}") = "src", "src", "{F168743D-BA33-466E-AFAF-BFC9DD2AF698}"
EndProject
Project("{2150E333-8FDC-42A3-9474-1A3956D46DE8}") = "tests", "tests", "{12B236AC-549E-45C1-B903-5DB631964EDE}"
EndProject
Project("{FAE04EC0-301F-11D3-BF4B-00C04F79EFBC}") = "RP2040.Core", "src\RP2040.Core\RP2040.Core.csproj", "{0CD99A82-23B4-42DD-AE63-30F24BD6948D}"
EndProject
Project("{FAE04EC0-301F-11D3-BF4B-00C04F79EFBC}") = "RP2040.Peripherals", "src\RP2040.Peripherals\RP2040.Peripherals.csproj", "{6295E002-DAEB-4107-A209-E81AFFD4B8CA}"
EndProject
Project("{FAE04EC0-301F-11D3-BF4B-00C04F79EFBC}") = "RP2040.Core.Tests", "tests\RP2040.Core.Tests\RP2040.Core.Tests.csproj", "{5E19B58C-4B89-4FED-82E7-706262AA90D2}"
EndProject
Project("{FAE04EC0-301F-11D3-BF4B-00C04F79EFBC}") = "RP2040.TestKit", "src\RP2040.TestKit\RP2040.TestKit.csproj", "{6DB0B64D-2D93-4CA7-BA34-F149A8AC122B}"
EndProject
Project("{FAE04EC0-301F-11D3-BF4B-00C04F79EFBC}") = "RP2040.Peripherals.Tests", "tests\RP2040.Peripherals.Tests\RP2040.Peripherals.Tests.csproj", "{F0216413-CCE3-4D65-8938-59CFC4807BDD}"
EndProject
Global
	GlobalSection(SolutionConfigurationPlatforms) = preSolution
		Debug|Any CPU = Debug|Any CPU
		Debug|x64 = Debug|x64
		Debug|x86 = Debug|x86
		Release|Any CPU = Release|Any CPU
		Release|x64 = Release|x64
		Release|x86 = Release|x86
	EndGlobalSection
	GlobalSection(ProjectConfigurationPlatforms) = postSolution
		{0CD99A82-23B4-42DD-AE63-30F24BD6948D}.Debug|Any CPU.ActiveCfg = Debug|Any CPU
		{0CD99A82-23B4-42DD-AE63-30F24BD6948D}.Debug|Any CPU.Build.0 = Debug|Any CPU
		{0CD99A82-23B4-42DD-AE63-30F24BD6948D}.Debug|x64.ActiveCfg = Debug|Any CPU
		{0CD99A82-23B4-42DD-AE63-30F24BD6948D}.Debug|x64.Build.0 = Debug|Any CPU
		{0CD99A82-23B4-42DD-AE63-30F24BD6948D}.Debug|x86.ActiveCfg = Debug|Any CPU
		{0CD99A82-23B4-42DD-AE63-30F24BD6948D}.Debug|x86.Build.0 = Debug|Any CPU
		{0CD99A82-23B4-42DD-AE63-30F24BD6948D}.Release|Any CPU.ActiveCfg = Release|Any CPU
		{0CD99A82-23B4-42DD-AE63-30F24BD6948D}.Release|Any CPU.Build.0 = Release|Any CPU
		{0CD99A82-23B4-42DD-AE63-30F24BD6948D}.Release|x64.ActiveCfg = Release|Any CPU
		{0CD99A82-23B4-42DD-AE63-30F24BD6948D}.Release|x64.Build.0 = Release|Any CPU
		{0CD99A82-23B4-42DD-AE63-30F24BD6948D}.Release|x86.ActiveCfg = Release|Any CPU
		{0CD99A82-23B4-42DD-AE63-30F24BD6948D}.Release|x86.Build.0 = Release|Any CPU
		{6295E002-DAEB-4107-A209-E81AFFD4B8CA}.Debug|Any CPU.ActiveCfg = Debug|Any CPU
		{6295E002-DAEB-4107-A209-E81AFFD4B8CA}.Debug|Any CPU.Build.0 = Debug|Any CPU
		{6295E002-DAEB-4107-A209-E81AFFD4B8CA}.Debug|x64.ActiveCfg = Debug|Any CPU
		{6295E002-DAEB-4107-A209-E81AFFD4B8CA}.Debug|x64.Build.0 = Debug|Any CPU
		{6295E002-DAEB-4107-A209-E81AFFD4B8CA}.Debug|x86.ActiveCfg = Debug|Any CPU
		{6295E002-DAEB-4107-A209-E81AFFD4B8CA}.Debug|x86.Build.0 = Debug|Any CPU
		{6295E002-DAEB-4107-A209-E81AFFD4B8CA}.Release|Any CPU.ActiveCfg = Release|Any CPU
		{6295E002-DAEB-4107-A209-E81AFFD4B8CA}.Release|Any CPU.Build.0 = Release|Any CPU
		{6295E002-DAEB-4107-A209-E81AFFD4B8CA}.Release|x64.ActiveCfg = Release|Any CPU
		{6295E002-DAEB-4107-A209-E81AFFD4B8CA}.Release|x64.Build.0 = Release|Any CPU
		{6295E002-DAEB-4107-A209-E81AFFD4B8CA}.Release|x86.ActiveCfg = Release|Any CPU
		{6295E002-DAEB-4107-A209-E81AFFD4B8CA}.Release|x86.Build.0 = Release|Any CPU
		{5E19B58C-4B89-4FED-82E7-706262AA90D2}.Debug|Any CPU.ActiveCfg = Debug|Any CPU
		{5E19B58C-4B89-4FED-82E7-706262AA90D2}.Debug|Any CPU.Build.0 = Debug|Any CPU
		{5E19B58C-4B89-4FED-82E7-706262AA90D2}.Debug|x64.ActiveCfg = Debug|Any CPU
		{5E19B58C-4B89-4FED-82E7-706262AA90D2}.Debug|x64.Build.0 = Debug|Any CPU
		{5E19B58C-4B89-4FED-82E7-706262AA90D2}.Debug|x86.ActiveCfg = Debug|Any CPU
		{5E19B58C-4B89-4FED-82E7-706262AA90D2}.Debug|x86.Build.0 = Debug|Any CPU
		{5E19B58C-4B89-4FED-82E7-706262AA90D2}.Release|Any CPU.ActiveCfg = Release|Any CPU
		{5E19B58C-4B89-4FED-82E7-706262AA90D2}.Release|Any CPU.Build.0 = Release|Any CPU
		{5E19B58C-4B89-4FED-82E7-706262AA90D2}.Release|x64.ActiveCfg = Release|Any CPU
		{5E19B58C-4B89-4FED-82E7-706262AA90D2}.Release|x64.Build.0 = Release|Any CPU
		{5E19B58C-4B89-4FED-82E7-706262AA90D2}.Release|x86.ActiveCfg = Release|Any CPU
		{5E19B58C-4B89-4FED-82E7-706262AA90D2}.Release|x86.Build.0 = Release|Any CPU
		{6DB0B64D-2D93-4CA7-BA34-F149A8AC122B}.Debug|Any CPU.ActiveCfg = Debug|Any CPU
		{6DB0B64D-2D93-4CA7-BA34-F149A8AC122B}.Debug|Any CPU.Build.0 = Debug|Any CPU
		{6DB0B64D-2D93-4CA7-BA34-F149A8AC122B}.Debug|x64.ActiveCfg = Debug|Any CPU
		{6DB0B64D-2D93-4CA7-BA34-F149A8AC122B}.Debug|x64.Build.0 = Debug|Any CPU
		{6DB0B64D-2D93-4CA7-BA34-F149A8AC122B}.Debug|x86.ActiveCfg = Debug|Any CPU
		{6DB0B64D-2D93-4CA7-BA34-F149A8AC122B}.Debug|x86.Build.0 = Debug|Any CPU
		{6DB0B64D-2D93-4CA7-BA34-F149A8AC122B}.Release|Any CPU.ActiveCfg = Release|Any CPU
		{6DB0B64D-2D93-4CA7-BA34-F149A8AC122B}.Release|Any CPU.Build.0 = Release|Any CPU
		{6DB0B64D-2D93-4CA7-BA34-F149A8AC122B}.Release|x64.ActiveCfg = Release|Any CPU
		{6DB0B64D-2D93-4CA7-BA34-F149A8AC122B}.Release|x64.Build.0 = Release|Any CPU
		{6DB0B64D-2D93-4CA7-BA34-F149A8AC122B}.Release|x86.ActiveCfg = Release|Any CPU
		{6DB0B64D-2D93-4CA7-BA34-F149A8AC122B}.Release|x86.Build.0 = Release|Any CPU
		{F0216413-CCE3-4D65-8938-59CFC4807BDD}.Debug|Any CPU.ActiveCfg = Debug|Any CPU
		{F0216413-CCE3-4D65-8938-59CFC4807BDD}.Debug|Any CPU.Build.0 = Debug|Any CPU
		{F0216413-CCE3-4D65-8938-59CFC4807BDD}.Debug|x64.ActiveCfg = Debug|Any CPU
		{F0216413-CCE3-4D65-8938-59CFC4807BDD}.Debug|x64.Build.0 = Debug|Any CPU
		{F0216413-CCE3-4D65-8938-59CFC4807BDD}.Debug|x86.ActiveCfg = Debug|Any CPU
		{F0216413-CCE3-4D65-8938-59CFC4807BDD}.Debug|x86.Build.0 = Debug|Any CPU
		{F0216413-CCE3-4D65-8938-59CFC4807BDD}.Release|Any CPU.ActiveCfg = Release|Any CPU
		{F0216413-CCE3-4D65-8938-59CFC4807BDD}.Release|Any CPU.Build.0 = Release|Any CPU
		{F0216413-CCE3-4D65-8938-59CFC4807BDD}.Release|x64.ActiveCfg = Release|Any CPU
		{F0216413-CCE3-4D65-8938-59CFC4807BDD}.Release|x64.Build.0 = Release|Any CPU
		{F0216413-CCE3-4D65-8938-59CFC4807BDD}.Release|x86.ActiveCfg = Release|Any CPU
		{F0216413-CCE3-4D65-8938-59CFC4807BDD}.Release|x86.Build.0 = Release|Any CPU
	EndGlobalSection
	GlobalSection(SolutionProperties) = preSolution
		HideSolutionNode = FALSE
	EndGlobalSection
	GlobalSection(NestedProjects) = preSolution
		{0CD99A82-23B4-42DD-AE63-30F24BD6948D} = {F168743D-BA33-466E-AFAF-BFC9DD2AF698}
		{6295E002-DAEB-4107-A209-E81AFFD4B8CA} = {F168743D-BA33-466E-AFAF-BFC9DD2AF698}
		{5E19B58C-4B89-4FED-82E7-706262AA90D2} = {12B236AC-549E-45C1-B903-5DB631964EDE}
		{6DB0B64D-2D93-4CA7-BA34-F149A8AC122B} = {F168743D-BA33-466E-AFAF-BFC9DD2AF698}
		{F0216413-CCE3-4D65-8938-59CFC4807BDD} = {12B236AC-549E-45C1-B903-5DB631964EDE}
	EndGlobalSection
EndGlobal
