
Microsoft Visual Studio Solution File, Format Version 12.00
Project("{2150E333-8FDC-42A3-9474-1A3956D46DE8}") = "src", "src", "{F168743D-BA33-466E-AFAF-BFC9DD2AF698}"
EndProject
Project("{FAE04EC0-301F-11D3-BF4B-00C04F79EFBC}") = "RP2040.TestKit", "src\RP2040.TestKit\RP2040.TestKit.csproj", "{6DB0B64D-2D93-4CA7-BA34-F149A8AC122B}"
EndProject
Project("{FAE04EC0-301F-11D3-BF4B-00C04F79EFBC}") = "RP2040Sharp", "src\RP2040Sharp\RP2040Sharp.csproj", "{64A5412F-D091-4CA1-8A03-E3217DCDD198}"
EndProject
Project("{2150E333-8FDC-42A3-9474-1A3956D46DE8}") = "tests", "tests", "{0AB3BF05-4346-4AA6-1389-037BE0695223}"
EndProject
Project("{FAE04EC0-301F-11D3-BF4B-00C04F79EFBC}") = "RP2040Sharp.Tests", "tests\RP2040Sharp.Tests\RP2040Sharp.Tests.csproj", "{B00740D9-7665-4FD0-8BA5-845AA7B8EB73}"
EndProject
Project("{FAE04EC0-301F-11D3-BF4B-00C04F79EFBC}") = "RP2040Sharp.IntegrationTests", "tests\RP2040Sharp.IntegrationTests\RP2040Sharp.IntegrationTests.csproj", "{C5A7E891-3F2B-4D8A-9B1C-2E6F5A8D0347}"
EndProject
Project("{FAE04EC0-301F-11D3-BF4B-00C04F79EFBC}") = "RP2040Sharp.Demo", "src\RP2040Sharp.Demo\RP2040Sharp.Demo.csproj", "{0B49F4F8-6B4B-40F0-978D-B8799AABC99C}"
EndProject
Project("{FAE04EC0-301F-11D3-BF4B-00C04F79EFBC}") = "RP2040Sharp.Demo.CircuitPython.Blink", "src\RP2040Sharp.Demo.CircuitPython.Blink\RP2040Sharp.Demo.CircuitPython.Blink.csproj", "{9D8E08C3-BF88-41FB-BC88-DE36F64A6157}"
EndProject
Global
	GlobalSection(SolutionConfigurationPlatforms) = preSolution
		Debug|Any CPU = Debug|Any CPU
		Debug|x64 = Debug|x64
		Debug|x86 = Debug|x86
		Release|Any CPU = Release|Any CPU
		Release|x64 = Release|x64
		Release|x86 = Release|x86
	EndGlobalSection
	GlobalSection(ProjectConfigurationPlatforms) = postSolution
		{6DB0B64D-2D93-4CA7-BA34-F149A8AC122B}.Debug|Any CPU.ActiveCfg = Debug|Any CPU
		{6DB0B64D-2D93-4CA7-BA34-F149A8AC122B}.Debug|Any CPU.Build.0 = Debug|Any CPU
		{6DB0B64D-2D93-4CA7-BA34-F149A8AC122B}.Debug|x64.ActiveCfg = Debug|Any CPU
		{6DB0B64D-2D93-4CA7-BA34-F149A8AC122B}.Debug|x64.Build.0 = Debug|Any CPU
		{6DB0B64D-2D93-4CA7-BA34-F149A8AC122B}.Debug|x86.ActiveCfg = Debug|Any CPU
		{6DB0B64D-2D93-4CA7-BA34-F149A8AC122B}.Debug|x86.Build.0 = Debug|Any CPU
		{6DB0B64D-2D93-4CA7-BA34-F149A8AC122B}.Release|Any CPU.ActiveCfg = Release|Any CPU
		{6DB0B64D-2D93-4CA7-BA34-F149A8AC122B}.Release|Any CPU.Build.0 = Release|Any CPU
		{6DB0B64D-2D93-4CA7-BA34-F149A8AC122B}.Release|x64.ActiveCfg = Release|Any CPU
		{6DB0B64D-2D93-4CA7-BA34-F149A8AC122B}.Release|x64.Build.0 = Release|Any CPU
		{6DB0B64D-2D93-4CA7-BA34-F149A8AC122B}.Release|x86.ActiveCfg = Release|Any CPU
		{6DB0B64D-2D93-4CA7-BA34-F149A8AC122B}.Release|x86.Build.0 = Release|Any CPU
		{64A5412F-D091-4CA1-8A03-E3217DCDD198}.Debug|Any CPU.ActiveCfg = Debug|Any CPU
		{64A5412F-D091-4CA1-8A03-E3217DCDD198}.Debug|Any CPU.Build.0 = Debug|Any CPU
		{64A5412F-D091-4CA1-8A03-E3217DCDD198}.Debug|x64.ActiveCfg = Debug|Any CPU
		{64A5412F-D091-4CA1-8A03-E3217DCDD198}.Debug|x64.Build.0 = Debug|Any CPU
		{64A5412F-D091-4CA1-8A03-E3217DCDD198}.Debug|x86.ActiveCfg = Debug|Any CPU
		{64A5412F-D091-4CA1-8A03-E3217DCDD198}.Debug|x86.Build.0 = Debug|Any CPU
		{64A5412F-D091-4CA1-8A03-E3217DCDD198}.Release|Any CPU.ActiveCfg = Release|Any CPU
		{64A5412F-D091-4CA1-8A03-E3217DCDD198}.Release|Any CPU.Build.0 = Release|Any CPU
		{64A5412F-D091-4CA1-8A03-E3217DCDD198}.Release|x64.ActiveCfg = Release|Any CPU
		{64A5412F-D091-4CA1-8A03-E3217DCDD198}.Release|x64.Build.0 = Release|Any CPU
		{64A5412F-D091-4CA1-8A03-E3217DCDD198}.Release|x86.ActiveCfg = Release|Any CPU
		{64A5412F-D091-4CA1-8A03-E3217DCDD198}.Release|x86.Build.0 = Release|Any CPU
		{B00740D9-7665-4FD0-8BA5-845AA7B8EB73}.Debug|Any CPU.ActiveCfg = Debug|Any CPU
		{B00740D9-7665-4FD0-8BA5-845AA7B8EB73}.Debug|Any CPU.Build.0 = Debug|Any CPU
		{B00740D9-7665-4FD0-8BA5-845AA7B8EB73}.Debug|x64.ActiveCfg = Debug|Any CPU
		{B00740D9-7665-4FD0-8BA5-845AA7B8EB73}.Debug|x64.Build.0 = Debug|Any CPU
		{B00740D9-7665-4FD0-8BA5-845AA7B8EB73}.Debug|x86.ActiveCfg = Debug|Any CPU
		{B00740D9-7665-4FD0-8BA5-845AA7B8EB73}.Debug|x86.Build.0 = Debug|Any CPU
		{B00740D9-7665-4FD0-8BA5-845AA7B8EB73}.Release|Any CPU.ActiveCfg = Release|Any CPU
		{B00740D9-7665-4FD0-8BA5-845AA7B8EB73}.Release|Any CPU.Build.0 = Release|Any CPU
		{B00740D9-7665-4FD0-8BA5-845AA7B8EB73}.Release|x64.ActiveCfg = Release|Any CPU
		{B00740D9-7665-4FD0-8BA5-845AA7B8EB73}.Release|x64.Build.0 = Release|Any CPU
		{B00740D9-7665-4FD0-8BA5-845AA7B8EB73}.Release|x86.ActiveCfg = Release|Any CPU
		{B00740D9-7665-4FD0-8BA5-845AA7B8EB73}.Release|x86.Build.0 = Release|Any CPU
		{C5A7E891-3F2B-4D8A-9B1C-2E6F5A8D0347}.Debug|Any CPU.ActiveCfg = Debug|Any CPU
		{C5A7E891-3F2B-4D8A-9B1C-2E6F5A8D0347}.Debug|Any CPU.Build.0 = Debug|Any CPU
		{C5A7E891-3F2B-4D8A-9B1C-2E6F5A8D0347}.Debug|x64.ActiveCfg = Debug|Any CPU
		{C5A7E891-3F2B-4D8A-9B1C-2E6F5A8D0347}.Debug|x64.Build.0 = Debug|Any CPU
		{C5A7E891-3F2B-4D8A-9B1C-2E6F5A8D0347}.Debug|x86.ActiveCfg = Debug|Any CPU
		{C5A7E891-3F2B-4D8A-9B1C-2E6F5A8D0347}.Debug|x86.Build.0 = Debug|Any CPU
		{C5A7E891-3F2B-4D8A-9B1C-2E6F5A8D0347}.Release|Any CPU.ActiveCfg = Release|Any CPU
		{C5A7E891-3F2B-4D8A-9B1C-2E6F5A8D0347}.Release|Any CPU.Build.0 = Release|Any CPU
		{C5A7E891-3F2B-4D8A-9B1C-2E6F5A8D0347}.Release|x64.ActiveCfg = Release|Any CPU
		{C5A7E891-3F2B-4D8A-9B1C-2E6F5A8D0347}.Release|x64.Build.0 = Release|Any CPU
		{C5A7E891-3F2B-4D8A-9B1C-2E6F5A8D0347}.Release|x86.ActiveCfg = Release|Any CPU
		{C5A7E891-3F2B-4D8A-9B1C-2E6F5A8D0347}.Release|x86.Build.0 = Release|Any CPU
		{0B49F4F8-6B4B-40F0-978D-B8799AABC99C}.Debug|Any CPU.ActiveCfg = Debug|Any CPU
		{0B49F4F8-6B4B-40F0-978D-B8799AABC99C}.Debug|Any CPU.Build.0 = Debug|Any CPU
		{0B49F4F8-6B4B-40F0-978D-B8799AABC99C}.Debug|x64.ActiveCfg = Debug|Any CPU
		{0B49F4F8-6B4B-40F0-978D-B8799AABC99C}.Debug|x64.Build.0 = Debug|Any CPU
		{0B49F4F8-6B4B-40F0-978D-B8799AABC99C}.Debug|x86.ActiveCfg = Debug|Any CPU
		{0B49F4F8-6B4B-40F0-978D-B8799AABC99C}.Debug|x86.Build.0 = Debug|Any CPU
		{0B49F4F8-6B4B-40F0-978D-B8799AABC99C}.Release|Any CPU.ActiveCfg = Release|Any CPU
		{0B49F4F8-6B4B-40F0-978D-B8799AABC99C}.Release|Any CPU.Build.0 = Release|Any CPU
		{0B49F4F8-6B4B-40F0-978D-B8799AABC99C}.Release|x64.ActiveCfg = Release|Any CPU
		{0B49F4F8-6B4B-40F0-978D-B8799AABC99C}.Release|x64.Build.0 = Release|Any CPU
		{0B49F4F8-6B4B-40F0-978D-B8799AABC99C}.Release|x86.ActiveCfg = Release|Any CPU
		{0B49F4F8-6B4B-40F0-978D-B8799AABC99C}.Release|x86.Build.0 = Release|Any CPU
		{9D8E08C3-BF88-41FB-BC88-DE36F64A6157}.Debug|Any CPU.ActiveCfg = Debug|Any CPU
		{9D8E08C3-BF88-41FB-BC88-DE36F64A6157}.Debug|Any CPU.Build.0 = Debug|Any CPU
		{9D8E08C3-BF88-41FB-BC88-DE36F64A6157}.Debug|x64.ActiveCfg = Debug|Any CPU
		{9D8E08C3-BF88-41FB-BC88-DE36F64A6157}.Debug|x64.Build.0 = Debug|Any CPU
		{9D8E08C3-BF88-41FB-BC88-DE36F64A6157}.Debug|x86.ActiveCfg = Debug|Any CPU
		{9D8E08C3-BF88-41FB-BC88-DE36F64A6157}.Debug|x86.Build.0 = Debug|Any CPU
		{9D8E08C3-BF88-41FB-BC88-DE36F64A6157}.Release|Any CPU.ActiveCfg = Release|Any CPU
		{9D8E08C3-BF88-41FB-BC88-DE36F64A6157}.Release|Any CPU.Build.0 = Release|Any CPU
		{9D8E08C3-BF88-41FB-BC88-DE36F64A6157}.Release|x64.ActiveCfg = Release|Any CPU
		{9D8E08C3-BF88-41FB-BC88-DE36F64A6157}.Release|x64.Build.0 = Release|Any CPU
		{9D8E08C3-BF88-41FB-BC88-DE36F64A6157}.Release|x86.ActiveCfg = Release|Any CPU
		{9D8E08C3-BF88-41FB-BC88-DE36F64A6157}.Release|x86.Build.0 = Release|Any CPU
	EndGlobalSection
	GlobalSection(SolutionProperties) = preSolution
		HideSolutionNode = FALSE
	EndGlobalSection
	GlobalSection(NestedProjects) = preSolution
		{6DB0B64D-2D93-4CA7-BA34-F149A8AC122B} = {F168743D-BA33-466E-AFAF-BFC9DD2AF698}
		{64A5412F-D091-4CA1-8A03-E3217DCDD198} = {F168743D-BA33-466E-AFAF-BFC9DD2AF698}
		{B00740D9-7665-4FD0-8BA5-845AA7B8EB73} = {0AB3BF05-4346-4AA6-1389-037BE0695223}
		{C5A7E891-3F2B-4D8A-9B1C-2E6F5A8D0347} = {0AB3BF05-4346-4AA6-1389-037BE0695223}
		{0B49F4F8-6B4B-40F0-978D-B8799AABC99C} = {F168743D-BA33-466E-AFAF-BFC9DD2AF698}
		{9D8E08C3-BF88-41FB-BC88-DE36F64A6157} = {F168743D-BA33-466E-AFAF-BFC9DD2AF698}
	EndGlobalSection
EndGlobal
